
Microsoft Visual Studio Solution File, Format Version 12.00
# Visual Studio 15
VisualStudioVersion = 15.0.27130.2024
MinimumVisualStudioVersion = 10.0.40219.1
Project("{FAE04EC0-301F-11D3-BF4B-00C04F79EFBC}") = "eg.skrift.data", "eg.skrift.data\eg.skrift.data.csproj", "{F799E540-2652-47A0-B577-64C69748BAA1}"
EndProject
Project("{FAE04EC0-301F-11D3-BF4B-00C04F79EFBC}") = "eg.skrift.web", "eg.skrift.web\eg.skrift.web.csproj", "{B54A4BBD-A14A-42E3-ADD3-804E24CFD154}"
EndProject
Global
	GlobalSection(SolutionConfigurationPlatforms) = preSolution
		Debug|Any CPU = Debug|Any CPU
		Release|Any CPU = Release|Any CPU
	EndGlobalSection
	GlobalSection(ProjectConfigurationPlatforms) = postSolution
		{F799E540-2652-47A0-B577-64C69748BAA1}.Debug|Any CPU.ActiveCfg = Debug|Any CPU
		{F799E540-2652-47A0-B577-64C69748BAA1}.Debug|Any CPU.Build.0 = Debug|Any CPU
		{F799E540-2652-47A0-B577-64C69748BAA1}.Release|Any CPU.ActiveCfg = Release|Any CPU
		{F799E540-2652-47A0-B577-64C69748BAA1}.Release|Any CPU.Build.0 = Release|Any CPU
		{B54A4BBD-A14A-42E3-ADD3-804E24CFD154}.Debug|Any CPU.ActiveCfg = Debug|Any CPU
		{B54A4BBD-A14A-42E3-ADD3-804E24CFD154}.Debug|Any CPU.Build.0 = Debug|Any CPU
		{B54A4BBD-A14A-42E3-ADD3-804E24CFD154}.Release|Any CPU.ActiveCfg = Release|Any CPU
		{B54A4BBD-A14A-42E3-ADD3-804E24CFD154}.Release|Any CPU.Build.0 = Release|Any CPU
	EndGlobalSection
	GlobalSection(SolutionProperties) = preSolution
		HideSolutionNode = FALSE
	EndGlobalSection
	GlobalSection(ExtensibilityGlobals) = postSolution
		SolutionGuid = {64975438-8828-4B56-BE3C-5BE8D415F36E}
	EndGlobalSection
EndGlobal
